
Microsoft Visual Studio Solution File, Format Version 12.00
# Visual Studio Version 17
VisualStudioVersion = 17.3.32804.467
MinimumVisualStudioVersion = 10.0.40219.1
Project("{9A19103F-16F7-4668-BE54-9A1E7A4F7556}") = "Demo", "Demo\Demo.csproj", "{AC0D6975-FA7A-4CAD-A3EF-BB85675F5E5F}"
EndProject
Project("{9A19103F-16F7-4668-BE54-9A1E7A4F7556}") = "FnDS", "FnDS\FnDS.csproj", "{AEC435E8-2828-4CFD-9B1C-091685B35147}"
EndProject
Global
	GlobalSection(SolutionConfigurationPlatforms) = preSolution
		Debug|Any CPU = Debug|Any CPU
		Release|Any CPU = Release|Any CPU
	EndGlobalSection
	GlobalSection(ProjectConfigurationPlatforms) = postSolution
		{AC0D6975-FA7A-4CAD-A3EF-BB85675F5E5F}.Debug|Any CPU.ActiveCfg = Debug|Any CPU
		{AC0D6975-FA7A-4CAD-A3EF-BB85675F5E5F}.Debug|Any CPU.Build.0 = Debug|Any CPU
		{AC0D6975-FA7A-4CAD-A3EF-BB85675F5E5F}.Release|Any CPU.ActiveCfg = Release|Any CPU
		{AC0D6975-FA7A-4CAD-A3EF-BB85675F5E5F}.Release|Any CPU.Build.0 = Release|Any CPU
		{AEC435E8-2828-4CFD-9B1C-091685B35147}.Debug|Any CPU.ActiveCfg = Debug|Any CPU
		{AEC435E8-2828-4CFD-9B1C-091685B35147}.Debug|Any CPU.Build.0 = Debug|Any CPU
		{AEC435E8-2828-4CFD-9B1C-091685B35147}.Release|Any CPU.ActiveCfg = Release|Any CPU
		{AEC435E8-2828-4CFD-9B1C-091685B35147}.Release|Any CPU.Build.0 = Release|Any CPU
	EndGlobalSection
	GlobalSection(SolutionProperties) = preSolution
		HideSolutionNode = FALSE
	EndGlobalSection
	GlobalSection(ExtensibilityGlobals) = postSolution
		SolutionGuid = {0B7647BC-FF14-4AC0-B8D8-63A26F418ACA}
	EndGlobalSection
EndGlobal
